// !$*UTF8*$!
{
	archiveVersion = 1;
	classes = {
	};
	objectVersion = 46;
	objects = {

/* Begin PBXBuildFile section */
		D591738203C63BBDCF4F0F89 /* Pods_Guessor.framework in Frameworks */ = {isa = PBXBuildFile; fileRef = 79B545EBF16B56A1F6067C53 /* Pods_Guessor.framework */; };
		DC0633951CACB832007FBB82 /* Myriad-Pro-Black_31623.ttf in Resources */ = {isa = PBXBuildFile; fileRef = DC0633941CACB832007FBB82 /* Myriad-Pro-Black_31623.ttf */; };
		DC0C51491CA5C67200925709 /* Main.swift in Sources */ = {isa = PBXBuildFile; fileRef = DC0C51481CA5C67200925709 /* Main.swift */; };
		DC1132651C83D06600B19DCD /* AppDelegate.swift in Sources */ = {isa = PBXBuildFile; fileRef = DC11325F1C83D06600B19DCD /* AppDelegate.swift */; };
		DC237BA71CB71CDB00DAA111 /* background21@2x.png in Resources */ = {isa = PBXBuildFile; fileRef = DC237BA61CB71CDB00DAA111 /* background21@2x.png */; };
		DC237BAB1CB723F400DAA111 /* background22@2x.png in Resources */ = {isa = PBXBuildFile; fileRef = DC237BAA1CB723F400DAA111 /* background22@2x.png */; };
		DC237BAF1CB725A700DAA111 /* background1@2x.jpg in Resources */ = {isa = PBXBuildFile; fileRef = DC237BAE1CB725A700DAA111 /* background1@2x.jpg */; };
		DC237BB11CB7269500DAA111 /* background2@2x.jpg in Resources */ = {isa = PBXBuildFile; fileRef = DC237BB01CB7269500DAA111 /* background2@2x.jpg */; };
		DC539F4C1CB6C25E00211970 /* background4.png in Resources */ = {isa = PBXBuildFile; fileRef = DC539F4B1CB6C25E00211970 /* background4.png */; };
		DC539F4E1CB6C3E500211970 /* background5@2x.png in Resources */ = {isa = PBXBuildFile; fileRef = DC539F4D1CB6C3E500211970 /* background5@2x.png */; };
		DC539F501CB6C4EF00211970 /* background6@2x.jpg in Resources */ = {isa = PBXBuildFile; fileRef = DC539F4F1CB6C4EF00211970 /* background6@2x.jpg */; };
		DC539F521CB6CFB000211970 /* background8@2x.jpg in Resources */ = {isa = PBXBuildFile; fileRef = DC539F511CB6CFB000211970 /* background8@2x.jpg */; };
		DC539F561CB6D49900211970 /* background10@2x.jpg in Resources */ = {isa = PBXBuildFile; fileRef = DC539F551CB6D49900211970 /* background10@2x.jpg */; };
		DC539F5C1CB6DC5D00211970 /* background12@2x.jpg in Resources */ = {isa = PBXBuildFile; fileRef = DC539F581CB6DC5D00211970 /* background12@2x.jpg */; };
		DC539F641CB6E59200211970 /* background16@2x.jpg in Resources */ = {isa = PBXBuildFile; fileRef = DC539F631CB6E59200211970 /* background16@2x.jpg */; };
		DC539F681CB6E9D000211970 /* background18@2x.jpg in Resources */ = {isa = PBXBuildFile; fileRef = DC539F671CB6E9D000211970 /* background18@2x.jpg */; };
		DC539F701CB71AF100211970 /* background20@2x.png in Resources */ = {isa = PBXBuildFile; fileRef = DC539F6F1CB71AF100211970 /* background20@2x.png */; };
		DC5AAD301C868083006B8BD3 /* Start.swift in Sources */ = {isa = PBXBuildFile; fileRef = DC5AAD2F1C868083006B8BD3 /* Start.swift */; };
		DC668B641CB987680063ADA5 /* background23@2x.png in Resources */ = {isa = PBXBuildFile; fileRef = DC668B631CB987680063ADA5 /* background23@2x.png */; };
		DC668B681CB9C3160063ADA5 /* SegueFade.swift in Sources */ = {isa = PBXBuildFile; fileRef = DC668B671CB9C3160063ADA5 /* SegueFade.swift */; };
		DC90B8541C7966D500CCC033 /* BaseLevel.swift in Sources */ = {isa = PBXBuildFile; fileRef = DC90B8531C7966D500CCC033 /* BaseLevel.swift */; };
		DC90B8591C7966D500CCC033 /* Assets.xcassets in Resources */ = {isa = PBXBuildFile; fileRef = DC90B8581C7966D500CCC033 /* Assets.xcassets */; };
		DC90B8691C7981FC00CCC033 /* AVFoundation.framework in Frameworks */ = {isa = PBXBuildFile; fileRef = DC90B8681C7981FC00CCC033 /* AVFoundation.framework */; };
		DC9CE1D81CA7883800817C02 /* Notes in Resources */ = {isa = PBXBuildFile; fileRef = DC9CE1D71CA7883800817C02 /* Notes */; };
		DCA7CDC61CB4B0300006476D /* fourCorrect.mp3 in Resources */ = {isa = PBXBuildFile; fileRef = DCA7CDC51CB4B0300006476D /* fourCorrect.mp3 */; };
		DCAAC8B21C9E14FA000F5C99 /* background.mp3 in Resources */ = {isa = PBXBuildFile; fileRef = DCAAC8B11C9E14FA000F5C99 /* background.mp3 */; };
		DCAAC8B81C9E1841000F5C99 /* buttonCorrect.mp3 in Resources */ = {isa = PBXBuildFile; fileRef = DCAAC8B71C9E1841000F5C99 /* buttonCorrect.mp3 */; };
		DCAAC8BC1C9E1B53000F5C99 /* buttonIncorrect.mp3 in Resources */ = {isa = PBXBuildFile; fileRef = DCAAC8BB1C9E1B53000F5C99 /* buttonIncorrect.mp3 */; };
		DCAAC8C01C9E338D000F5C99 /* CoreOptions.swift in Sources */ = {isa = PBXBuildFile; fileRef = DCAAC8BF1C9E338D000F5C99 /* CoreOptions.swift */; };
		DCAAC8C21C9E3494000F5C99 /* Buttons.swift in Sources */ = {isa = PBXBuildFile; fileRef = DCAAC8C11C9E3494000F5C99 /* Buttons.swift */; };
		DCAAC8C41C9E3572000F5C99 /* Audio.swift in Sources */ = {isa = PBXBuildFile; fileRef = DCAAC8C31C9E3572000F5C99 /* Audio.swift */; };
		DCB3C1841CAC728B00B6BB87 /* Main.storyboard in Resources */ = {isa = PBXBuildFile; fileRef = DC90B8551C7966D500CCC033 /* Main.storyboard */; };
		DCB3C1861CAC735E00B6BB87 /* LaunchScreen.storyboard in Resources */ = {isa = PBXBuildFile; fileRef = DCB3C1851CAC735E00B6BB87 /* LaunchScreen.storyboard */; };
		DCB3C1921CAC7D0500B6BB87 /* Myriad-Pro-Semibold-Italic.ttf in Resources */ = {isa = PBXBuildFile; fileRef = DCB3C1911CAC7D0500B6BB87 /* Myriad-Pro-Semibold-Italic.ttf */; };
		DCDE3AD11CAB592400C8F559 /* Minecraft.ttf in Resources */ = {isa = PBXBuildFile; fileRef = DCDE3AD01CAB592400C8F559 /* Minecraft.ttf */; };
		DCDE3AD31CAB59DB00C8F559 /* joystix monospace.ttf in Resources */ = {isa = PBXBuildFile; fileRef = DCDE3AD21CAB59DB00C8F559 /* joystix monospace.ttf */; };
		DCDE3AD51CAB5FD400C8F559 /* PressStart2P.ttf in Resources */ = {isa = PBXBuildFile; fileRef = DCDE3AD41CAB5FD400C8F559 /* PressStart2P.ttf */; };
		F8B00A9B1EFBA57D0025E840 /* Button.swift in Sources */ = {isa = PBXBuildFile; fileRef = F8B00A9A1EFBA57D0025E840 /* Button.swift */; };
/* End PBXBuildFile section */

/* Begin PBXFileReference section */
		79B545EBF16B56A1F6067C53 /* Pods_Guessor.framework */ = {isa = PBXFileReference; explicitFileType = wrapper.framework; includeInIndex = 0; path = Pods_Guessor.framework; sourceTree = BUILT_PRODUCTS_DIR; };
		AF1DB0F6F9410615371D9474 /* Pods-Guessor.debug.xcconfig */ = {isa = PBXFileReference; includeInIndex = 1; lastKnownFileType = text.xcconfig; name = "Pods-Guessor.debug.xcconfig"; path = "Pods/Target Support Files/Pods-Guessor/Pods-Guessor.debug.xcconfig"; sourceTree = "<group>"; };
		DC0633941CACB832007FBB82 /* Myriad-Pro-Black_31623.ttf */ = {isa = PBXFileReference; lastKnownFileType = file; path = "Myriad-Pro-Black_31623.ttf"; sourceTree = "<group>"; };
		DC0C51481CA5C67200925709 /* Main.swift */ = {isa = PBXFileReference; fileEncoding = 4; lastKnownFileType = sourcecode.swift; path = Main.swift; sourceTree = "<group>"; };
		DC11325F1C83D06600B19DCD /* AppDelegate.swift */ = {isa = PBXFileReference; fileEncoding = 4; lastKnownFileType = sourcecode.swift; path = AppDelegate.swift; sourceTree = "<group>"; };
		DC237BA61CB71CDB00DAA111 /* background21@2x.png */ = {isa = PBXFileReference; lastKnownFileType = image.png; name = "background21@2x.png"; path = "Guessor/background21@2x.png"; sourceTree = "<group>"; };
		DC237BAA1CB723F400DAA111 /* background22@2x.png */ = {isa = PBXFileReference; lastKnownFileType = image.png; name = "background22@2x.png"; path = "Guessor/background22@2x.png"; sourceTree = "<group>"; };
		DC237BAE1CB725A700DAA111 /* background1@2x.jpg */ = {isa = PBXFileReference; lastKnownFileType = image.jpeg; name = "background1@2x.jpg"; path = "Guessor/background1@2x.jpg"; sourceTree = "<group>"; };
		DC237BB01CB7269500DAA111 /* background2@2x.jpg */ = {isa = PBXFileReference; lastKnownFileType = image.jpeg; name = "background2@2x.jpg"; path = "Guessor/background2@2x.jpg"; sourceTree = "<group>"; };
		DC539F4B1CB6C25E00211970 /* background4.png */ = {isa = PBXFileReference; lastKnownFileType = image.png; name = background4.png; path = Guessor/background4.png; sourceTree = "<group>"; };
		DC539F4D1CB6C3E500211970 /* background5@2x.png */ = {isa = PBXFileReference; lastKnownFileType = image.png; name = "background5@2x.png"; path = "Guessor/background5@2x.png"; sourceTree = "<group>"; };
		DC539F4F1CB6C4EF00211970 /* background6@2x.jpg */ = {isa = PBXFileReference; lastKnownFileType = image.jpeg; name = "background6@2x.jpg"; path = "Guessor/background6@2x.jpg"; sourceTree = "<group>"; };
		DC539F511CB6CFB000211970 /* background8@2x.jpg */ = {isa = PBXFileReference; lastKnownFileType = image.jpeg; name = "background8@2x.jpg"; path = "Guessor/background8@2x.jpg"; sourceTree = "<group>"; };
		DC539F551CB6D49900211970 /* background10@2x.jpg */ = {isa = PBXFileReference; lastKnownFileType = image.jpeg; name = "background10@2x.jpg"; path = "Guessor/background10@2x.jpg"; sourceTree = "<group>"; };
		DC539F581CB6DC5D00211970 /* background12@2x.jpg */ = {isa = PBXFileReference; lastKnownFileType = image.jpeg; name = "background12@2x.jpg"; path = "Guessor/background12@2x.jpg"; sourceTree = "<group>"; };
		DC539F631CB6E59200211970 /* background16@2x.jpg */ = {isa = PBXFileReference; lastKnownFileType = image.jpeg; name = "background16@2x.jpg"; path = "Guessor/background16@2x.jpg"; sourceTree = "<group>"; };
		DC539F671CB6E9D000211970 /* background18@2x.jpg */ = {isa = PBXFileReference; lastKnownFileType = image.jpeg; name = "background18@2x.jpg"; path = "Guessor/background18@2x.jpg"; sourceTree = "<group>"; };
		DC539F6F1CB71AF100211970 /* background20@2x.png */ = {isa = PBXFileReference; lastKnownFileType = image.png; name = "background20@2x.png"; path = "Guessor/background20@2x.png"; sourceTree = "<group>"; };
		DC5AAD2F1C868083006B8BD3 /* Start.swift */ = {isa = PBXFileReference; fileEncoding = 4; lastKnownFileType = sourcecode.swift; path = Start.swift; sourceTree = "<group>"; };
		DC668B631CB987680063ADA5 /* background23@2x.png */ = {isa = PBXFileReference; lastKnownFileType = image.png; path = "background23@2x.png"; sourceTree = "<group>"; };
		DC668B671CB9C3160063ADA5 /* SegueFade.swift */ = {isa = PBXFileReference; fileEncoding = 4; lastKnownFileType = sourcecode.swift; name = SegueFade.swift; path = ../SegueFade.swift; sourceTree = "<group>"; };
		DC90B84E1C7966D500CCC033 /* Guessor.app */ = {isa = PBXFileReference; explicitFileType = wrapper.application; includeInIndex = 0; path = Guessor.app; sourceTree = BUILT_PRODUCTS_DIR; };
		DC90B8531C7966D500CCC033 /* BaseLevel.swift */ = {isa = PBXFileReference; lastKnownFileType = sourcecode.swift; path = BaseLevel.swift; sourceTree = "<group>"; };
		DC90B8561C7966D500CCC033 /* Base */ = {isa = PBXFileReference; lastKnownFileType = file.storyboard; name = Base; path = Base.lproj/Main.storyboard; sourceTree = "<group>"; };
		DC90B8581C7966D500CCC033 /* Assets.xcassets */ = {isa = PBXFileReference; lastKnownFileType = folder.assetcatalog; path = Assets.xcassets; sourceTree = "<group>"; };
		DC90B85D1C7966D500CCC033 /* Info.plist */ = {isa = PBXFileReference; lastKnownFileType = text.plist.xml; path = Info.plist; sourceTree = "<group>"; };
		DC90B8681C7981FC00CCC033 /* AVFoundation.framework */ = {isa = PBXFileReference; lastKnownFileType = wrapper.framework; name = AVFoundation.framework; path = System/Library/Frameworks/AVFoundation.framework; sourceTree = SDKROOT; };
		DC9CE1D71CA7883800817C02 /* Notes */ = {isa = PBXFileReference; fileEncoding = 4; lastKnownFileType = text; path = Notes; sourceTree = "<group>"; };
		DCA7CDC51CB4B0300006476D /* fourCorrect.mp3 */ = {isa = PBXFileReference; lastKnownFileType = audio.mp3; path = fourCorrect.mp3; sourceTree = "<group>"; };
		DCAAC8B11C9E14FA000F5C99 /* background.mp3 */ = {isa = PBXFileReference; lastKnownFileType = audio.mp3; path = background.mp3; sourceTree = "<group>"; };
		DCAAC8B71C9E1841000F5C99 /* buttonCorrect.mp3 */ = {isa = PBXFileReference; lastKnownFileType = audio.mp3; path = buttonCorrect.mp3; sourceTree = "<group>"; };
		DCAAC8BB1C9E1B53000F5C99 /* buttonIncorrect.mp3 */ = {isa = PBXFileReference; lastKnownFileType = audio.mp3; path = buttonIncorrect.mp3; sourceTree = "<group>"; };
		DCAAC8BF1C9E338D000F5C99 /* CoreOptions.swift */ = {isa = PBXFileReference; fileEncoding = 4; lastKnownFileType = sourcecode.swift; path = CoreOptions.swift; sourceTree = "<group>"; };
		DCAAC8C11C9E3494000F5C99 /* Buttons.swift */ = {isa = PBXFileReference; fileEncoding = 4; lastKnownFileType = sourcecode.swift; path = Buttons.swift; sourceTree = "<group>"; };
		DCAAC8C31C9E3572000F5C99 /* Audio.swift */ = {isa = PBXFileReference; fileEncoding = 4; lastKnownFileType = sourcecode.swift; path = Audio.swift; sourceTree = "<group>"; };
		DCB3C1851CAC735E00B6BB87 /* LaunchScreen.storyboard */ = {isa = PBXFileReference; fileEncoding = 4; lastKnownFileType = file.storyboard; name = LaunchScreen.storyboard; path = ../LaunchScreen.storyboard; sourceTree = "<group>"; };
		DCB3C1911CAC7D0500B6BB87 /* Myriad-Pro-Semibold-Italic.ttf */ = {isa = PBXFileReference; lastKnownFileType = file; path = "Myriad-Pro-Semibold-Italic.ttf"; sourceTree = "<group>"; };
		DCDE3AD01CAB592400C8F559 /* Minecraft.ttf */ = {isa = PBXFileReference; lastKnownFileType = file; path = Minecraft.ttf; sourceTree = "<group>"; };
		DCDE3AD21CAB59DB00C8F559 /* joystix monospace.ttf */ = {isa = PBXFileReference; lastKnownFileType = file; path = "joystix monospace.ttf"; sourceTree = "<group>"; };
		DCDE3AD41CAB5FD400C8F559 /* PressStart2P.ttf */ = {isa = PBXFileReference; lastKnownFileType = file; path = PressStart2P.ttf; sourceTree = "<group>"; };
		F031DC9DCC248F8A3686A855 /* Pods-Guessor.release.xcconfig */ = {isa = PBXFileReference; includeInIndex = 1; lastKnownFileType = text.xcconfig; name = "Pods-Guessor.release.xcconfig"; path = "Pods/Target Support Files/Pods-Guessor/Pods-Guessor.release.xcconfig"; sourceTree = "<group>"; };
		F8B00A9A1EFBA57D0025E840 /* Button.swift */ = {isa = PBXFileReference; fileEncoding = 4; lastKnownFileType = sourcecode.swift; path = Button.swift; sourceTree = "<group>"; };
/* End PBXFileReference section */

/* Begin PBXFrameworksBuildPhase section */
		DC90B84B1C7966D500CCC033 /* Frameworks */ = {
			isa = PBXFrameworksBuildPhase;
			buildActionMask = 2147483647;
			files = (
				DC90B8691C7981FC00CCC033 /* AVFoundation.framework in Frameworks */,
				D591738203C63BBDCF4F0F89 /* Pods_Guessor.framework in Frameworks */,
			);
			runOnlyForDeploymentPostprocessing = 0;
		};
/* End PBXFrameworksBuildPhase section */

/* Begin PBXGroup section */
		2B92C66DA4500583F159E79F /* Pods */ = {
			isa = PBXGroup;
			children = (
				AF1DB0F6F9410615371D9474 /* Pods-Guessor.debug.xcconfig */,
				F031DC9DCC248F8A3686A855 /* Pods-Guessor.release.xcconfig */,
			);
			name = Pods;
			sourceTree = "<group>";
		};
		33A91C7A56BFFB9A1D40593B /* Frameworks */ = {
			isa = PBXGroup;
			children = (
				79B545EBF16B56A1F6067C53 /* Pods_Guessor.framework */,
			);
			name = Frameworks;
			sourceTree = "<group>";
		};
		DC237BB61CB85EBD00DAA111 /* Backgrounds */ = {
			isa = PBXGroup;
			children = (
				DC237BAE1CB725A700DAA111 /* background1@2x.jpg */,
				DC237BB01CB7269500DAA111 /* background2@2x.jpg */,
				DC539F4B1CB6C25E00211970 /* background4.png */,
				DC539F4D1CB6C3E500211970 /* background5@2x.png */,
				DC539F4F1CB6C4EF00211970 /* background6@2x.jpg */,
				DC539F511CB6CFB000211970 /* background8@2x.jpg */,
				DC539F551CB6D49900211970 /* background10@2x.jpg */,
				DC539F581CB6DC5D00211970 /* background12@2x.jpg */,
				DC539F631CB6E59200211970 /* background16@2x.jpg */,
				DC539F671CB6E9D000211970 /* background18@2x.jpg */,
				DC539F6F1CB71AF100211970 /* background20@2x.png */,
				DC237BA61CB71CDB00DAA111 /* background21@2x.png */,
				DC237BAA1CB723F400DAA111 /* background22@2x.png */,
				DC668B631CB987680063ADA5 /* background23@2x.png */,
			);
			name = Backgrounds;
			path = ..;
			sourceTree = "<group>";
		};
		DC90B8451C7966D500CCC033 = {
			isa = PBXGroup;
			children = (
				DC90B8501C7966D500CCC033 /* Guessor */,
				DC90B8681C7981FC00CCC033 /* AVFoundation.framework */,
				DC90B84F1C7966D500CCC033 /* Products */,
				2B92C66DA4500583F159E79F /* Pods */,
				33A91C7A56BFFB9A1D40593B /* Frameworks */,
			);
			sourceTree = "<group>";
		};
		DC90B84F1C7966D500CCC033 /* Products */ = {
			isa = PBXGroup;
			children = (
				DC90B84E1C7966D500CCC033 /* Guessor.app */,
			);
			name = Products;
			sourceTree = "<group>";
		};
		DC90B8501C7966D500CCC033 /* Guessor */ = {
			isa = PBXGroup;
			children = (
				DC90B8551C7966D500CCC033 /* Main.storyboard */,
				DC90B8531C7966D500CCC033 /* BaseLevel.swift */,
				F8B00A9A1EFBA57D0025E840 /* Button.swift */,
				DCF94FD81C9F1AE000231CA3 /* Level 1 */,
				DC5AAD2F1C868083006B8BD3 /* Start.swift */,
				DC237BB61CB85EBD00DAA111 /* Backgrounds */,
				DCB3C1851CAC735E00B6BB87 /* LaunchScreen.storyboard */,
				DC668B671CB9C3160063ADA5 /* SegueFade.swift */,
				DCAC77DF1CB0D04A00422EA5 /* Audio */,
				DCAC77DE1CB0D04300422EA5 /* Images */,
				DCAC77E01CB0D06C00422EA5 /* Fonts */,
				DC11325F1C83D06600B19DCD /* AppDelegate.swift */,
				DC90B8581C7966D500CCC033 /* Assets.xcassets */,
				DC90B85D1C7966D500CCC033 /* Info.plist */,
			);
			path = Guessor;
			sourceTree = "<group>";
		};
		DCAC77DE1CB0D04300422EA5 /* Images */ = {
			isa = PBXGroup;
			children = (
			);
			name = Images;
			sourceTree = "<group>";
		};
		DCAC77DF1CB0D04A00422EA5 /* Audio */ = {
			isa = PBXGroup;
			children = (
				DCA7CDC51CB4B0300006476D /* fourCorrect.mp3 */,
				DCAAC8B11C9E14FA000F5C99 /* background.mp3 */,
				DCAAC8BB1C9E1B53000F5C99 /* buttonIncorrect.mp3 */,
				DCAAC8B71C9E1841000F5C99 /* buttonCorrect.mp3 */,
			);
			name = Audio;
			sourceTree = "<group>";
		};
		DCAC77E01CB0D06C00422EA5 /* Fonts */ = {
			isa = PBXGroup;
			children = (
				DCDE3AD01CAB592400C8F559 /* Minecraft.ttf */,
				DCB3C1911CAC7D0500B6BB87 /* Myriad-Pro-Semibold-Italic.ttf */,
				DCDE3AD41CAB5FD400C8F559 /* PressStart2P.ttf */,
				DC0633941CACB832007FBB82 /* Myriad-Pro-Black_31623.ttf */,
				DCDE3AD21CAB59DB00C8F559 /* joystix monospace.ttf */,
			);
			name = Fonts;
			sourceTree = "<group>";
		};
		DCF94FD81C9F1AE000231CA3 /* Level 1 */ = {
			isa = PBXGroup;
			children = (
				DC0C51481CA5C67200925709 /* Main.swift */,
				DCAAC8BF1C9E338D000F5C99 /* CoreOptions.swift */,
				DCAAC8C11C9E3494000F5C99 /* Buttons.swift */,
				DCAAC8C31C9E3572000F5C99 /* Audio.swift */,
				DC9CE1D71CA7883800817C02 /* Notes */,
			);
			name = "Level 1";
			sourceTree = "<group>";
		};
/* End PBXGroup section */

/* Begin PBXNativeTarget section */
		DC90B84D1C7966D500CCC033 /* Guessor */ = {
			isa = PBXNativeTarget;
			buildConfigurationList = DC90B8601C7966D500CCC033 /* Build configuration list for PBXNativeTarget "Guessor" */;
			buildPhases = (
				483598828FE43A9A16C0EFB5 /* [CP] Check Pods Manifest.lock */,
				DC90B84A1C7966D500CCC033 /* Sources */,
				DC90B84B1C7966D500CCC033 /* Frameworks */,
				DC90B84C1C7966D500CCC033 /* Resources */,
				5BDC9C3DDFC37D3710863FB8 /* [CP] Embed Pods Frameworks */,
				ED2AF22BAD0D1B88125CC4E6 /* [CP] Copy Pods Resources */,
			);
			buildRules = (
			);
			dependencies = (
			);
			name = Guessor;
			productName = Guessor;
			productReference = DC90B84E1C7966D500CCC033 /* Guessor.app */;
			productType = "com.apple.product-type.application";
		};
/* End PBXNativeTarget section */

/* Begin PBXProject section */
		DC90B8461C7966D500CCC033 /* Project object */ = {
			isa = PBXProject;
			attributes = {
				LastSwiftUpdateCheck = 0720;
				LastUpgradeCheck = 0720;
				ORGANIZATIONNAME = Meha;
				TargetAttributes = {
					DC90B84D1C7966D500CCC033 = {
						CreatedOnToolsVersion = 7.2.1;
						DevelopmentTeam = Y6SG367258;
						LastSwiftMigration = 0830;
					};
				};
			};
			buildConfigurationList = DC90B8491C7966D500CCC033 /* Build configuration list for PBXProject "Guessor" */;
			compatibilityVersion = "Xcode 3.2";
			developmentRegion = English;
			hasScannedForEncodings = 0;
			knownRegions = (
				en,
				Base,
			);
			mainGroup = DC90B8451C7966D500CCC033;
			productRefGroup = DC90B84F1C7966D500CCC033 /* Products */;
			projectDirPath = "";
			projectRoot = "";
			targets = (
				DC90B84D1C7966D500CCC033 /* Guessor */,
			);
		};
/* End PBXProject section */

/* Begin PBXResourcesBuildPhase section */
		DC90B84C1C7966D500CCC033 /* Resources */ = {
			isa = PBXResourcesBuildPhase;
			buildActionMask = 2147483647;
			files = (
				DCAAC8BC1C9E1B53000F5C99 /* buttonIncorrect.mp3 in Resources */,
				DC539F501CB6C4EF00211970 /* background6@2x.jpg in Resources */,
				DC539F701CB71AF100211970 /* background20@2x.png in Resources */,
				DC539F4E1CB6C3E500211970 /* background5@2x.png in Resources */,
				DC0633951CACB832007FBB82 /* Myriad-Pro-Black_31623.ttf in Resources */,
				DC539F5C1CB6DC5D00211970 /* background12@2x.jpg in Resources */,
				DC539F561CB6D49900211970 /* background10@2x.jpg in Resources */,
				DCDE3AD11CAB592400C8F559 /* Minecraft.ttf in Resources */,
				DC90B8591C7966D500CCC033 /* Assets.xcassets in Resources */,
				DCB3C1921CAC7D0500B6BB87 /* Myriad-Pro-Semibold-Italic.ttf in Resources */,
				DCDE3AD51CAB5FD400C8F559 /* PressStart2P.ttf in Resources */,
				DC237BB11CB7269500DAA111 /* background2@2x.jpg in Resources */,
				DC237BAB1CB723F400DAA111 /* background22@2x.png in Resources */,
				DCB3C1841CAC728B00B6BB87 /* Main.storyboard in Resources */,
				DCDE3AD31CAB59DB00C8F559 /* joystix monospace.ttf in Resources */,
				DCA7CDC61CB4B0300006476D /* fourCorrect.mp3 in Resources */,
				DC539F521CB6CFB000211970 /* background8@2x.jpg in Resources */,
				DC668B641CB987680063ADA5 /* background23@2x.png in Resources */,
				DCAAC8B81C9E1841000F5C99 /* buttonCorrect.mp3 in Resources */,
				DC539F4C1CB6C25E00211970 /* background4.png in Resources */,
				DC539F681CB6E9D000211970 /* background18@2x.jpg in Resources */,
				DC237BA71CB71CDB00DAA111 /* background21@2x.png in Resources */,
				DCB3C1861CAC735E00B6BB87 /* LaunchScreen.storyboard in Resources */,
				DC237BAF1CB725A700DAA111 /* background1@2x.jpg in Resources */,
				DC9CE1D81CA7883800817C02 /* Notes in Resources */,
				DCAAC8B21C9E14FA000F5C99 /* background.mp3 in Resources */,
				DC539F641CB6E59200211970 /* background16@2x.jpg in Resources */,
			);
			runOnlyForDeploymentPostprocessing = 0;
		};
/* End PBXResourcesBuildPhase section */

/* Begin PBXShellScriptBuildPhase section */
		483598828FE43A9A16C0EFB5 /* [CP] Check Pods Manifest.lock */ = {
			isa = PBXShellScriptBuildPhase;
			buildActionMask = 2147483647;
			files = (
			);
			inputPaths = (
			);
			name = "[CP] Check Pods Manifest.lock";
			outputPaths = (
			);
			runOnlyForDeploymentPostprocessing = 0;
			shellPath = /bin/sh;
			shellScript = "diff \"${PODS_PODFILE_DIR_PATH}/Podfile.lock\" \"${PODS_ROOT}/Manifest.lock\" > /dev/null\nif [ $? != 0 ] ; then\n    # print error to STDERR\n    echo \"error: The sandbox is not in sync with the Podfile.lock. Run 'pod install' or update your CocoaPods installation.\" >&2\n    exit 1\nfi\n";
			showEnvVarsInLog = 0;
		};
		5BDC9C3DDFC37D3710863FB8 /* [CP] Embed Pods Frameworks */ = {
			isa = PBXShellScriptBuildPhase;
			buildActionMask = 2147483647;
			files = (
			);
			inputPaths = (
			);
			name = "[CP] Embed Pods Frameworks";
			outputPaths = (
			);
			runOnlyForDeploymentPostprocessing = 0;
			shellPath = /bin/sh;
			shellScript = "\"${SRCROOT}/Pods/Target Support Files/Pods-Guessor/Pods-Guessor-frameworks.sh\"\n";
			showEnvVarsInLog = 0;
		};
		ED2AF22BAD0D1B88125CC4E6 /* [CP] Copy Pods Resources */ = {
			isa = PBXShellScriptBuildPhase;
			buildActionMask = 2147483647;
			files = (
			);
			inputPaths = (
			);
			name = "[CP] Copy Pods Resources";
			outputPaths = (
			);
			runOnlyForDeploymentPostprocessing = 0;
			shellPath = /bin/sh;
			shellScript = "\"${SRCROOT}/Pods/Target Support Files/Pods-Guessor/Pods-Guessor-resources.sh\"\n";
			showEnvVarsInLog = 0;
		};
/* End PBXShellScriptBuildPhase section */

/* Begin PBXSourcesBuildPhase section */
		DC90B84A1C7966D500CCC033 /* Sources */ = {
			isa = PBXSourcesBuildPhase;
			buildActionMask = 2147483647;
			files = (
				DCAAC8C41C9E3572000F5C99 /* Audio.swift in Sources */,
				DCAAC8C21C9E3494000F5C99 /* Buttons.swift in Sources */,
				DC1132651C83D06600B19DCD /* AppDelegate.swift in Sources */,
				F8B00A9B1EFBA57D0025E840 /* Button.swift in Sources */,
				DCAAC8C01C9E338D000F5C99 /* CoreOptions.swift in Sources */,
				DC5AAD301C868083006B8BD3 /* Start.swift in Sources */,
				DC668B681CB9C3160063ADA5 /* SegueFade.swift in Sources */,
				DC0C51491CA5C67200925709 /* Main.swift in Sources */,
				DC90B8541C7966D500CCC033 /* BaseLevel.swift in Sources */,
			);
			runOnlyForDeploymentPostprocessing = 0;
		};
/* End PBXSourcesBuildPhase section */

/* Begin PBXVariantGroup section */
		DC90B8551C7966D500CCC033 /* Main.storyboard */ = {
			isa = PBXVariantGroup;
			children = (
				DC90B8561C7966D500CCC033 /* Base */,
			);
			name = Main.storyboard;
			sourceTree = "<group>";
		};
/* End PBXVariantGroup section */

/* Begin XCBuildConfiguration section */
		DC90B85E1C7966D500CCC033 /* Debug */ = {
			isa = XCBuildConfiguration;
			buildSettings = {
				ALWAYS_SEARCH_USER_PATHS = NO;
				CLANG_CXX_LANGUAGE_STANDARD = "gnu++0x";
				CLANG_CXX_LIBRARY = "libc++";
				CLANG_ENABLE_MODULES = YES;
				CLANG_ENABLE_OBJC_ARC = YES;
				CLANG_WARN_BOOL_CONVERSION = YES;
				CLANG_WARN_CONSTANT_CONVERSION = YES;
				CLANG_WARN_DIRECT_OBJC_ISA_USAGE = YES_ERROR;
				CLANG_WARN_EMPTY_BODY = YES;
				CLANG_WARN_ENUM_CONVERSION = YES;
				CLANG_WARN_INT_CONVERSION = YES;
				CLANG_WARN_OBJC_ROOT_CLASS = YES_ERROR;
				CLANG_WARN_UNREACHABLE_CODE = YES;
				CLANG_WARN__DUPLICATE_METHOD_MATCH = YES;
				"CODE_SIGN_IDENTITY[sdk=iphoneos*]" = "iPhone Developer";
				COPY_PHASE_STRIP = NO;
				DEBUG_INFORMATION_FORMAT = dwarf;
				ENABLE_STRICT_OBJC_MSGSEND = YES;
				ENABLE_TESTABILITY = YES;
				GCC_C_LANGUAGE_STANDARD = gnu99;
				GCC_DYNAMIC_NO_PIC = NO;
				GCC_NO_COMMON_BLOCKS = YES;
				GCC_OPTIMIZATION_LEVEL = 0;
				GCC_PREPROCESSOR_DEFINITIONS = (
					"DEBUG=1",
					"$(inherited)",
				);
				GCC_WARN_64_TO_32_BIT_CONVERSION = YES;
				GCC_WARN_ABOUT_RETURN_TYPE = YES_ERROR;
				GCC_WARN_UNDECLARED_SELECTOR = YES;
				GCC_WARN_UNINITIALIZED_AUTOS = YES_AGGRESSIVE;
				GCC_WARN_UNUSED_FUNCTION = YES;
				GCC_WARN_UNUSED_VARIABLE = YES;
				IPHONEOS_DEPLOYMENT_TARGET = 9.2;
				MTL_ENABLE_DEBUG_INFO = YES;
				ONLY_ACTIVE_ARCH = YES;
				SDKROOT = iphoneos;
				SWIFT_OPTIMIZATION_LEVEL = "-Onone";
			};
			name = Debug;
		};
		DC90B85F1C7966D500CCC033 /* Release */ = {
			isa = XCBuildConfiguration;
			buildSettings = {
				ALWAYS_SEARCH_USER_PATHS = NO;
				CLANG_CXX_LANGUAGE_STANDARD = "gnu++0x";
				CLANG_CXX_LIBRARY = "libc++";
				CLANG_ENABLE_MODULES = YES;
				CLANG_ENABLE_OBJC_ARC = YES;
				CLANG_WARN_BOOL_CONVERSION = YES;
				CLANG_WARN_CONSTANT_CONVERSION = YES;
				CLANG_WARN_DIRECT_OBJC_ISA_USAGE = YES_ERROR;
				CLANG_WARN_EMPTY_BODY = YES;
				CLANG_WARN_ENUM_CONVERSION = YES;
				CLANG_WARN_INT_CONVERSION = YES;
				CLANG_WARN_OBJC_ROOT_CLASS = YES_ERROR;
				CLANG_WARN_UNREACHABLE_CODE = YES;
				CLANG_WARN__DUPLICATE_METHOD_MATCH = YES;
				"CODE_SIGN_IDENTITY[sdk=iphoneos*]" = "iPhone Developer";
				COPY_PHASE_STRIP = NO;
				DEBUG_INFORMATION_FORMAT = "dwarf-with-dsym";
				ENABLE_NS_ASSERTIONS = NO;
				ENABLE_STRICT_OBJC_MSGSEND = YES;
				GCC_C_LANGUAGE_STANDARD = gnu99;
				GCC_NO_COMMON_BLOCKS = YES;
				GCC_WARN_64_TO_32_BIT_CONVERSION = YES;
				GCC_WARN_ABOUT_RETURN_TYPE = YES_ERROR;
				GCC_WARN_UNDECLARED_SELECTOR = YES;
				GCC_WARN_UNINITIALIZED_AUTOS = YES_AGGRESSIVE;
				GCC_WARN_UNUSED_FUNCTION = YES;
				GCC_WARN_UNUSED_VARIABLE = YES;
				IPHONEOS_DEPLOYMENT_TARGET = 9.2;
				MTL_ENABLE_DEBUG_INFO = NO;
				SDKROOT = iphoneos;
				VALIDATE_PRODUCT = YES;
			};
			name = Release;
		};
		DC90B8611C7966D500CCC033 /* Debug */ = {
			isa = XCBuildConfiguration;
			baseConfigurationReference = AF1DB0F6F9410615371D9474 /* Pods-Guessor.debug.xcconfig */;
			buildSettings = {
				ASSETCATALOG_COMPILER_APPICON_NAME = AppIcon;
				ASSETCATALOG_COMPILER_LAUNCHIMAGE_NAME = LaunchImage;
				CODE_SIGN_IDENTITY = "iPhone Developer";
				"CODE_SIGN_IDENTITY[sdk=iphoneos*]" = "iPhone Developer";
				INFOPLIST_FILE = Guessor/Info.plist;
				IPHONEOS_DEPLOYMENT_TARGET = 9.2;
				LD_RUNPATH_SEARCH_PATHS = "$(inherited) @executable_path/Frameworks";
				PRODUCT_BUNDLE_IDENTIFIER = com.meha.Guessor2;
				PRODUCT_NAME = "$(TARGET_NAME)";
				PROVISIONING_PROFILE = "";
				SWIFT_VERSION = 3.0;
			};
			name = Debug;
		};
		DC90B8621C7966D500CCC033 /* Release */ = {
			isa = XCBuildConfiguration;
			baseConfigurationReference = F031DC9DCC248F8A3686A855 /* Pods-Guessor.release.xcconfig */;
			buildSettings = {
				ASSETCATALOG_COMPILER_APPICON_NAME = AppIcon;
				ASSETCATALOG_COMPILER_LAUNCHIMAGE_NAME = LaunchImage;
				CODE_SIGN_IDENTITY = "iPhone Developer";
				"CODE_SIGN_IDENTITY[sdk=iphoneos*]" = "iPhone Developer";
				INFOPLIST_FILE = Guessor/Info.plist;
				IPHONEOS_DEPLOYMENT_TARGET = 9.2;
				LD_RUNPATH_SEARCH_PATHS = "$(inherited) @executable_path/Frameworks";
				PRODUCT_BUNDLE_IDENTIFIER = com.meha.Guessor2;
				PRODUCT_NAME = "$(TARGET_NAME)";
				PROVISIONING_PROFILE = "";
				SWIFT_VERSION = 3.0;
			};
			name = Release;
		};
/* End XCBuildConfiguration section */

/* Begin XCConfigurationList section */
		DC90B8491C7966D500CCC033 /* Build configuration list for PBXProject "Guessor" */ = {
			isa = XCConfigurationList;
			buildConfigurations = (
				DC90B85E1C7966D500CCC033 /* Debug */,
				DC90B85F1C7966D500CCC033 /* Release */,
			);
			defaultConfigurationIsVisible = 0;
			defaultConfigurationName = Release;
		};
		DC90B8601C7966D500CCC033 /* Build configuration list for PBXNativeTarget "Guessor" */ = {
			isa = XCConfigurationList;
			buildConfigurations = (
				DC90B8611C7966D500CCC033 /* Debug */,
				DC90B8621C7966D500CCC033 /* Release */,
			);
			defaultConfigurationIsVisible = 0;
			defaultConfigurationName = Release;
		};
/* End XCConfigurationList section */
	};
	rootObject = DC90B8461C7966D500CCC033 /* Project object */;
}
